
Microsoft Visual Studio Solution File, Format Version 12.00
# Visual Studio 14
VisualStudioVersion = 14.0.25420.1
MinimumVisualStudioVersion = 10.0.40219.1
Project("{8BC9CEB8-8B4A-11D0-8D11-00A0C91BC942}") = "stdex", "stdex\stdex.vcxproj", "{A60B54F7-8812-4852-AABD-B02C190B3F96}"
EndProject
Project("{8BC9CEB8-8B4A-11D0-8D11-00A0C91BC942}") = "UnitTest", "UnitTest\UnitTest.vcxproj", "{FE497DD7-B6EF-47B7-AD83-6B605D0A0E4E}"
EndProject
Global
	GlobalSection(SolutionConfigurationPlatforms) = preSolution
		Debug|x64 = Debug|x64
		Debug|x86 = Debug|x86
		Release|x64 = Release|x64
		Release|x86 = Release|x86
	EndGlobalSection
	GlobalSection(ProjectConfigurationPlatforms) = postSolution
		{A60B54F7-8812-4852-AABD-B02C190B3F96}.Debug|x64.ActiveCfg = Debug|x64
		{A60B54F7-8812-4852-AABD-B02C190B3F96}.Debug|x64.Build.0 = Debug|x64
		{A60B54F7-8812-4852-AABD-B02C190B3F96}.Debug|x86.ActiveCfg = Debug|Win32
		{A60B54F7-8812-4852-AABD-B02C190B3F96}.Debug|x86.Build.0 = Debug|Win32
		{A60B54F7-8812-4852-AABD-B02C190B3F96}.Release|x64.ActiveCfg = Release|x64
		{A60B54F7-8812-4852-AABD-B02C190B3F96}.Release|x64.Build.0 = Release|x64
		{A60B54F7-8812-4852-AABD-B02C190B3F96}.Release|x86.ActiveCfg = Release|Win32
		{A60B54F7-8812-4852-AABD-B02C190B3F96}.Release|x86.Build.0 = Release|Win32
		{FE497DD7-B6EF-47B7-AD83-6B605D0A0E4E}.Debug|x64.ActiveCfg = Debug|x64
		{FE497DD7-B6EF-47B7-AD83-6B605D0A0E4E}.Debug|x64.Build.0 = Debug|x64
		{FE497DD7-B6EF-47B7-AD83-6B605D0A0E4E}.Debug|x86.ActiveCfg = Debug|Win32
		{FE497DD7-B6EF-47B7-AD83-6B605D0A0E4E}.Debug|x86.Build.0 = Debug|Win32
		{FE497DD7-B6EF-47B7-AD83-6B605D0A0E4E}.Release|x64.ActiveCfg = Release|x64
		{FE497DD7-B6EF-47B7-AD83-6B605D0A0E4E}.Release|x64.Build.0 = Release|x64
		{FE497DD7-B6EF-47B7-AD83-6B605D0A0E4E}.Release|x86.ActiveCfg = Release|Win32
		{FE497DD7-B6EF-47B7-AD83-6B605D0A0E4E}.Release|x86.Build.0 = Release|Win32
	EndGlobalSection
	GlobalSection(SolutionProperties) = preSolution
		HideSolutionNode = FALSE
	EndGlobalSection
EndGlobal
